{
  "name": "glitcheffect",
  "version": "1.0.0",
  "lockfileVersion": 1,
  "requires": true,
  "dependencies": {
    "darkmode-js": {
      "version": "1.3.4",
      "resolved": "https://registry.npmjs.org/darkmode-js/-/darkmode-js-1.3.4.tgz",
      "integrity": "sha512-EtUPbvtPBAJeO12b8KRirIO5gL+Wrvo9CeMyDcGmcUREUasCdOuXpEIf6+N+2qsKEtz/vtattJifBIl7cV0g5w=="
    }
  }
}
